Microsoft Visual Studio Solution File, Format Version 12.00
# Visual Studio Version 17
VisualStudioVersion = 17.5.2.0
MinimumVisualStudioVersion = 10.0.40219.1
Project("{FAE04EC0-301F-11D3-BF4B-00C04F79EFBC}") = "qlsv_dang_nhap", "qlsv_dang_nhap.csproj", "{AC4DC4BF-2232-B210-6496-58CC78993B78}"
EndProject
Global
	GlobalSection(SolutionConfigurationPlatforms) = preSolution
		Debug|Any CPU = Debug|Any CPU
		Release|Any CPU = Release|Any CPU
	EndGlobalSection
	GlobalSection(ProjectConfigurationPlatforms) = postSolution
		{AC4DC4BF-2232-B210-6496-58CC78993B78}.Debug|Any CPU.ActiveCfg = Debug|Any CPU
		{AC4DC4BF-2232-B210-6496-58CC78993B78}.Debug|Any CPU.Build.0 = Debug|Any CPU
		{AC4DC4BF-2232-B210-6496-58CC78993B78}.Release|Any CPU.ActiveCfg = Release|Any CPU
		{AC4DC4BF-2232-B210-6496-58CC78993B78}.Release|Any CPU.Build.0 = Release|Any CPU
	EndGlobalSection
	GlobalSection(SolutionProperties) = preSolution
		HideSolutionNode = FALSE
	EndGlobalSection
	GlobalSection(ExtensibilityGlobals) = postSolution
		SolutionGuid = {6216BB18-9627-42E7-9534-96239A917EDB}
	EndGlobalSection
EndGlobal
